
Microsoft Visual Studio Solution File, Format Version 12.00
# Visual Studio Version 16
VisualStudioVersion = 16.0.30621.155
MinimumVisualStudioVersion = 10.0.40219.1
Project("{FAE04EC0-301F-11D3-BF4B-00C04F79EFBC}") = "Primavera.Funcionarios.Validacoes", "Primavera.Funcionarios.Validacoes.csproj", "{D54B10F4-6DC5-464A-96B1-9C820BBE2FF8}"
EndProject
Global
	GlobalSection(SolutionConfigurationPlatforms) = preSolution
		Debug|Any CPU = Debug|Any CPU
		Release|Any CPU = Release|Any CPU
	EndGlobalSection
	GlobalSection(ProjectConfigurationPlatforms) = postSolution
		{D54B10F4-6DC5-464A-96B1-9C820BBE2FF8}.Debug|Any CPU.ActiveCfg = Debug|Any CPU
		{D54B10F4-6DC5-464A-96B1-9C820BBE2FF8}.Debug|Any CPU.Build.0 = Debug|Any CPU
		{D54B10F4-6DC5-464A-96B1-9C820BBE2FF8}.Release|Any CPU.ActiveCfg = Release|Any CPU
		{D54B10F4-6DC5-464A-96B1-9C820BBE2FF8}.Release|Any CPU.Build.0 = Release|Any CPU
	EndGlobalSection
	GlobalSection(SolutionProperties) = preSolution
		HideSolutionNode = FALSE
	EndGlobalSection
	GlobalSection(ExtensibilityGlobals) = postSolution
		SolutionGuid = {62236FAD-7D10-40FB-81EB-7EEA8BF11E8F}
	EndGlobalSection
EndGlobal
